
Microsoft Visual Studio Solution File, Format Version 12.00
# Visual Studio 2012
Project("{FAE04EC0-301F-11D3-BF4B-00C04F79EFBC}") = "DCTE.AddIn", "DCTE.AddIn\DCTE.AddIn.csproj", "{969EE89F-7480-4F49-B08F-195A121B7257}"
EndProject
Project("{FAE04EC0-301F-11D3-BF4B-00C04F79EFBC}") = "DCTE.Model", "DCTE.Model\DCTE.Model.csproj", "{88D18D93-7BAE-4BB7-9DB7-6EB14FF5FFD7}"
EndProject
Project("{FAE04EC0-301F-11D3-BF4B-00C04F79EFBC}") = "DCTE.Controller", "DCTE.Controller\DCTE.Controller.csproj", "{5B17F065-9190-40D5-8720-F573512FD85E}"
EndProject
Global
	GlobalSection(TeamFoundationVersionControl) = preSolution
		SccNumberOfProjects = 4
		SccEnterpriseProvider = {4CA58AB2-18FA-4F8D-95D4-32DDF27D184C}
		SccTeamFoundationServer = https://tfs.codeplex.com/tfs/tfs28
		SccLocalPath0 = .
		SccProjectUniqueName1 = DCTE.AddIn\\DCTE.AddIn.csproj
		SccProjectName1 = DCTE.AddIn
		SccLocalPath1 = DCTE.AddIn
		SccProjectUniqueName2 = DCTE.Controller\\DCTE.Controller.csproj
		SccProjectName2 = DCTE.Controller
		SccLocalPath2 = DCTE.Controller
		SccProjectUniqueName3 = DCTE.Model\\DCTE.Model.csproj
		SccProjectName3 = DCTE.Model
		SccLocalPath3 = DCTE.Model
	EndGlobalSection
	GlobalSection(SolutionConfigurationPlatforms) = preSolution
		Debug|Any CPU = Debug|Any CPU
		Release|Any CPU = Release|Any CPU
	EndGlobalSection
	GlobalSection(ProjectConfigurationPlatforms) = postSolution
		{969EE89F-7480-4F49-B08F-195A121B7257}.Debug|Any CPU.ActiveCfg = Debug|Any CPU
		{969EE89F-7480-4F49-B08F-195A121B7257}.Debug|Any CPU.Build.0 = Debug|Any CPU
		{969EE89F-7480-4F49-B08F-195A121B7257}.Release|Any CPU.ActiveCfg = Release|Any CPU
		{969EE89F-7480-4F49-B08F-195A121B7257}.Release|Any CPU.Build.0 = Release|Any CPU
		{88D18D93-7BAE-4BB7-9DB7-6EB14FF5FFD7}.Debug|Any CPU.ActiveCfg = Debug|Any CPU
		{88D18D93-7BAE-4BB7-9DB7-6EB14FF5FFD7}.Debug|Any CPU.Build.0 = Debug|Any CPU
		{88D18D93-7BAE-4BB7-9DB7-6EB14FF5FFD7}.Release|Any CPU.ActiveCfg = Release|Any CPU
		{88D18D93-7BAE-4BB7-9DB7-6EB14FF5FFD7}.Release|Any CPU.Build.0 = Release|Any CPU
		{5B17F065-9190-40D5-8720-F573512FD85E}.Debug|Any CPU.ActiveCfg = Debug|Any CPU
		{5B17F065-9190-40D5-8720-F573512FD85E}.Debug|Any CPU.Build.0 = Debug|Any CPU
		{5B17F065-9190-40D5-8720-F573512FD85E}.Release|Any CPU.ActiveCfg = Release|Any CPU
		{5B17F065-9190-40D5-8720-F573512FD85E}.Release|Any CPU.Build.0 = Release|Any CPU
	EndGlobalSection
	GlobalSection(SolutionProperties) = preSolution
		HideSolutionNode = FALSE
	EndGlobalSection
EndGlobal
